# This file is automatically @generated by Cargo.
# It is not intended for manual editing.
[[package]]
name = "anagram"
version = "0.1.0"
dependencies = [
 "md5 0.6.1 (registry+https://github.com/rust-lang/crates.io-index)",
 "permutate 0.3.2 (registry+https://github.com/rust-lang/crates.io-index)",
]

[[package]]
name = "md5"
version = "0.6.1"
source = "registry+https://github.com/rust-lang/crates.io-index"

[[package]]
name = "permutate"
version = "0.3.2"
source = "registry+https://github.com/rust-lang/crates.io-index"

[metadata]
"checksum md5 0.6.1 (registry+https://github.com/rust-lang/crates.io-index)" = "7e6bcd6433cff03a4bfc3d9834d504467db1f1cf6d0ea765d37d330249ed629d"
"checksum permutate 0.3.2 (registry+https://github.com/rust-lang/crates.io-index)" = "53b7d5b19a715ffab38693a9dd44b067fdfa2b18eef65bd93562dfe507022fae"
